// !$*UTF8*$!
{
	archiveVersion = 1;
	classes = {
	};
	objectVersion = 46;
	objects = {

/* Begin PBXBuildFile section */
		6C4E6E39200BFA94007352C1 /* AppDelegate.swift in Sources */ = {isa = PBXBuildFile; fileRef = 6C4E6E38200BFA94007352C1 /* AppDelegate.swift */; };
		6C4E6E3B200BFA94007352C1 /* ViewController.swift in Sources */ = {isa = PBXBuildFile; fileRef = 6C4E6E3A200BFA94007352C1 /* ViewController.swift */; };
		6C4E6E3E200BFA94007352C1 /* Main.storyboard in Resources */ = {isa = PBXBuildFile; fileRef = 6C4E6E3C200BFA94007352C1 /* Main.storyboard */; };
		6C4E6E40200BFA94007352C1 /* Assets.xcassets in Resources */ = {isa = PBXBuildFile; fileRef = 6C4E6E3F200BFA94007352C1 /* Assets.xcassets */; };
		6C4E6E43200BFA94007352C1 /* LaunchScreen.storyboard in Resources */ = {isa = PBXBuildFile; fileRef = 6C4E6E41200BFA94007352C1 /* LaunchScreen.storyboard */; };
		6C4E6E4E200BFA94007352C1 /* ReBuildingTests.swift in Sources */ = {isa = PBXBuildFile; fileRef = 6C4E6E4D200BFA94007352C1 /* ReBuildingTests.swift */; };
		6C4E6E59200BFA94007352C1 /* ReBuildingUITests.swift in Sources */ = {isa = PBXBuildFile; fileRef = 6C4E6E58200BFA94007352C1 /* ReBuildingUITests.swift */; };
/* End PBXBuildFile section */

/* Begin PBXContainerItemProxy section */
		6C4E6E4A200BFA94007352C1 /* PBXContainerItemProxy */ = {
			isa = PBXContainerItemProxy;
			containerPortal = 6C4E6E2D200BFA94007352C1 /* Project object */;
			proxyType = 1;
			remoteGlobalIDString = 6C4E6E34200BFA94007352C1;
			remoteInfo = ReBuilding;
		};
		6C4E6E55200BFA94007352C1 /* PBXContainerItemProxy */ = {
			isa = PBXContainerItemProxy;
			containerPortal = 6C4E6E2D200BFA94007352C1 /* Project object */;
			proxyType = 1;
			remoteGlobalIDString = 6C4E6E34200BFA94007352C1;
			remoteInfo = ReBuilding;
		};
/* End PBXContainerItemProxy section */

/* Begin PBXFileReference section */
		6C4E6E35200BFA94007352C1 /* ReBuilding.app */ = {isa = PBXFileReference; explicitFileType = wrapper.application; includeInIndex = 0; path = ReBuilding.app; sourceTree = BUILT_PRODUCTS_DIR; };
		6C4E6E38200BFA94007352C1 /* AppDelegate.swift */ = {isa = PBXFileReference; lastKnownFileType = sourcecode.swift; path = AppDelegate.swift; sourceTree = "<group>"; };
		6C4E6E3A200BFA94007352C1 /* ViewController.swift */ = {isa = PBXFileReference; lastKnownFileType = sourcecode.swift; path = ViewController.swift; sourceTree = "<group>"; };
		6C4E6E3D200BFA94007352C1 /* Base */ = {isa = PBXFileReference; lastKnownFileType = file.storyboard; name = Base; path = Base.lproj/Main.storyboard; sourceTree = "<group>"; };
		6C4E6E3F200BFA94007352C1 /* Assets.xcassets */ = {isa = PBXFileReference; lastKnownFileType = folder.assetcatalog; path = Assets.xcassets; sourceTree = "<group>"; };
		6C4E6E42200BFA94007352C1 /* Base */ = {isa = PBXFileReference; lastKnownFileType = file.storyboard; name = Base; path = Base.lproj/LaunchScreen.storyboard; sourceTree = "<group>"; };
		6C4E6E44200BFA94007352C1 /* Info.plist */ = {isa = PBXFileReference; lastKnownFileType = text.plist.xml; path = Info.plist; sourceTree = "<group>"; };
		6C4E6E49200BFA94007352C1 /* ReBuildingTests.xctest */ = {isa = PBXFileReference; explicitFileType = wrapper.cfbundle; includeInIndex = 0; path = ReBuildingTests.xctest; sourceTree = BUILT_PRODUCTS_DIR; };
		6C4E6E4D200BFA94007352C1 /* ReBuildingTests.swift */ = {isa = PBXFileReference; lastKnownFileType = sourcecode.swift; path = ReBuildingTests.swift; sourceTree = "<group>"; };
		6C4E6E4F200BFA94007352C1 /* Info.plist */ = {isa = PBXFileReference; lastKnownFileType = text.plist.xml; path = Info.plist; sourceTree = "<group>"; };
		6C4E6E54200BFA94007352C1 /* ReBuildingUITests.xctest */ = {isa = PBXFileReference; explicitFileType = wrapper.cfbundle; includeInIndex = 0; path = ReBuildingUITests.xctest; sourceTree = BUILT_PRODUCTS_DIR; };
		6C4E6E58200BFA94007352C1 /* ReBuildingUITests.swift */ = {isa = PBXFileReference; lastKnownFileType = sourcecode.swift; path = ReBuildingUITests.swift; sourceTree = "<group>"; };
		6C4E6E5A200BFA94007352C1 /* Info.plist */ = {isa = PBXFileReference; lastKnownFileType = text.plist.xml; path = Info.plist; sourceTree = "<group>"; };
/* End PBXFileReference section */

/* Begin PBXFrameworksBuildPhase section */
		6C4E6E32200BFA94007352C1 /* Frameworks */ = {
			isa = PBXFrameworksBuildPhase;
			buildActionMask = 2147483647;
			files = (
			);
			runOnlyForDeploymentPostprocessing = 0;
		};
		6C4E6E46200BFA94007352C1 /* Frameworks */ = {
			isa = PBXFrameworksBuildPhase;
			buildActionMask = 2147483647;
			files = (
			);
			runOnlyForDeploymentPostprocessing = 0;
		};
		6C4E6E51200BFA94007352C1 /* Frameworks */ = {
			isa = PBXFrameworksBuildPhase;
			buildActionMask = 2147483647;
			files = (
			);
			runOnlyForDeploymentPostprocessing = 0;
		};
/* End PBXFrameworksBuildPhase section */

/* Begin PBXGroup section */
		6C4E6E2C200BFA94007352C1 = {
			isa = PBXGroup;
			children = (
				6C4E6E37200BFA94007352C1 /* ReBuilding */,
				6C4E6E4C200BFA94007352C1 /* ReBuildingTests */,
				6C4E6E57200BFA94007352C1 /* ReBuildingUITests */,
				6C4E6E36200BFA94007352C1 /* Products */,
			);
			sourceTree = "<group>";
		};
		6C4E6E36200BFA94007352C1 /* Products */ = {
			isa = PBXGroup;
			children = (
				6C4E6E35200BFA94007352C1 /* ReBuilding.app */,
				6C4E6E49200BFA94007352C1 /* ReBuildingTests.xctest */,
				6C4E6E54200BFA94007352C1 /* ReBuildingUITests.xctest */,
			);
			name = Products;
			sourceTree = "<group>";
		};
		6C4E6E37200BFA94007352C1 /* ReBuilding */ = {
			isa = PBXGroup;
			children = (
				6C4E6E38200BFA94007352C1 /* AppDelegate.swift */,
				6C4E6E3A200BFA94007352C1 /* ViewController.swift */,
				6C4E6E3C200BFA94007352C1 /* Main.storyboard */,
				6C4E6E3F200BFA94007352C1 /* Assets.xcassets */,
				6C4E6E41200BFA94007352C1 /* LaunchScreen.storyboard */,
				6C4E6E44200BFA94007352C1 /* Info.plist */,
			);
			path = ReBuilding;
			sourceTree = "<group>";
		};
		6C4E6E4C200BFA94007352C1 /* ReBuildingTests */ = {
			isa = PBXGroup;
			children = (
				6C4E6E4D200BFA94007352C1 /* ReBuildingTests.swift */,
				6C4E6E4F200BFA94007352C1 /* Info.plist */,
			);
			path = ReBuildingTests;
			sourceTree = "<group>";
		};
		6C4E6E57200BFA94007352C1 /* ReBuildingUITests */ = {
			isa = PBXGroup;
			children = (
				6C4E6E58200BFA94007352C1 /* ReBuildingUITests.swift */,
				6C4E6E5A200BFA94007352C1 /* Info.plist */,
			);
			path = ReBuildingUITests;
			sourceTree = "<group>";
		};
/* End PBXGroup section */

/* Begin PBXNativeTarget section */
		6C4E6E34200BFA94007352C1 /* ReBuilding */ = {
			isa = PBXNativeTarget;
			buildConfigurationList = 6C4E6E5D200BFA94007352C1 /* Build configuration list for PBXNativeTarget "ReBuilding" */;
			buildPhases = (
				6C4E6E31200BFA94007352C1 /* Sources */,
				6C4E6E32200BFA94007352C1 /* Frameworks */,
				6C4E6E33200BFA94007352C1 /* Resources */,
			);
			buildRules = (
			);
			dependencies = (
			);
			name = ReBuilding;
			productName = ReBuilding;
			productReference = 6C4E6E35200BFA94007352C1 /* ReBuilding.app */;
			productType = "com.apple.product-type.application";
		};
		6C4E6E48200BFA94007352C1 /* ReBuildingTests */ = {
			isa = PBXNativeTarget;
			buildConfigurationList = 6C4E6E60200BFA94007352C1 /* Build configuration list for PBXNativeTarget "ReBuildingTests" */;
			buildPhases = (
				6C4E6E45200BFA94007352C1 /* Sources */,
				6C4E6E46200BFA94007352C1 /* Frameworks */,
				6C4E6E47200BFA94007352C1 /* Resources */,
			);
			buildRules = (
			);
			dependencies = (
				6C4E6E4B200BFA94007352C1 /* PBXTargetDependency */,
			);
			name = ReBuildingTests;
			productName = ReBuildingTests;
			productReference = 6C4E6E49200BFA94007352C1 /* ReBuildingTests.xctest */;
			productType = "com.apple.product-type.bundle.unit-test";
		};
		6C4E6E53200BFA94007352C1 /* ReBuildingUITests */ = {
			isa = PBXNativeTarget;
			buildConfigurationList = 6C4E6E63200BFA94007352C1 /* Build configuration list for PBXNativeTarget "ReBuildingUITests" */;
			buildPhases = (
				6C4E6E50200BFA94007352C1 /* Sources */,
				6C4E6E51200BFA94007352C1 /* Frameworks */,
				6C4E6E52200BFA94007352C1 /* Resources */,
			);
			buildRules = (
			);
			dependencies = (
				6C4E6E56200BFA94007352C1 /* PBXTargetDependency */,
			);
			name = ReBuildingUITests;
			productName = ReBuildingUITests;
			productReference = 6C4E6E54200BFA94007352C1 /* ReBuildingUITests.xctest */;
			productType = "com.apple.product-type.bundle.ui-testing";
		};
/* End PBXNativeTarget section */

/* Begin PBXProject section */
		6C4E6E2D200BFA94007352C1 /* Project object */ = {
			isa = PBXProject;
			attributes = {
				LastSwiftUpdateCheck = 0820;
				LastUpgradeCheck = 0820;
				ORGANIZATIONNAME = "Максим Балахонов";
				TargetAttributes = {
					6C4E6E34200BFA94007352C1 = {
						CreatedOnToolsVersion = 8.2.1;
						ProvisioningStyle = Automatic;
					};
					6C4E6E48200BFA94007352C1 = {
						CreatedOnToolsVersion = 8.2.1;
						ProvisioningStyle = Automatic;
						TestTargetID = 6C4E6E34200BFA94007352C1;
					};
					6C4E6E53200BFA94007352C1 = {
						CreatedOnToolsVersion = 8.2.1;
						ProvisioningStyle = Automatic;
						TestTargetID = 6C4E6E34200BFA94007352C1;
					};
				};
			};
			buildConfigurationList = 6C4E6E30200BFA94007352C1 /* Build configuration list for PBXProject "ReBuilding" */;
			compatibilityVersion = "Xcode 3.2";
			developmentRegion = English;
			hasScannedForEncodings = 0;
			knownRegions = (
				en,
				Base,
			);
			mainGroup = 6C4E6E2C200BFA94007352C1;
			productRefGroup = 6C4E6E36200BFA94007352C1 /* Products */;
			projectDirPath = "";
			projectRoot = "";
			targets = (
				6C4E6E34200BFA94007352C1 /* ReBuilding */,
				6C4E6E48200BFA94007352C1 /* ReBuildingTests */,
				6C4E6E53200BFA94007352C1 /* ReBuildingUITests */,
			);
		};
/* End PBXProject section */

/* Begin PBXResourcesBuildPhase section */
		6C4E6E33200BFA94007352C1 /* Resources */ = {
			isa = PBXResourcesBuildPhase;
			buildActionMask = 2147483647;
			files = (
				6C4E6E43200BFA94007352C1 /* LaunchScreen.storyboard in Resources */,
				6C4E6E40200BFA94007352C1 /* Assets.xcassets in Resources */,
				6C4E6E3E200BFA94007352C1 /* Main.storyboard in Resources */,
			);
			runOnlyForDeploymentPostprocessing = 0;
		};
		6C4E6E47200BFA94007352C1 /* Resources */ = {
			isa = PBXResourcesBuildPhase;
			buildActionMask = 2147483647;
			files = (
			);
			runOnlyForDeploymentPostprocessing = 0;
		};
		6C4E6E52200BFA94007352C1 /* Resources */ = {
			isa = PBXResourcesBuildPhase;
			buildActionMask = 2147483647;
			files = (
			);
			runOnlyForDeploymentPostprocessing = 0;
		};
/* End PBXResourcesBuildPhase section */

/* Begin PBXSourcesBuildPhase section */
		6C4E6E31200BFA94007352C1 /* Sources */ = {
			isa = PBXSourcesBuildPhase;
			buildActionMask = 2147483647;
			files = (
				6C4E6E3B200BFA94007352C1 /* ViewController.swift in Sources */,
				6C4E6E39200BFA94007352C1 /* AppDelegate.swift in Sources */,
			);
			runOnlyForDeploymentPostprocessing = 0;
		};
		6C4E6E45200BFA94007352C1 /* Sources */ = {
			isa = PBXSourcesBuildPhase;
			buildActionMask = 2147483647;
			files = (
				6C4E6E4E200BFA94007352C1 /* ReBuildingTests.swift in Sources */,
			);
			runOnlyForDeploymentPostprocessing = 0;
		};
		6C4E6E50200BFA94007352C1 /* Sources */ = {
			isa = PBXSourcesBuildPhase;
			buildActionMask = 2147483647;
			files = (
				6C4E6E59200BFA94007352C1 /* ReBuildingUITests.swift in Sources */,
			);
			runOnlyForDeploymentPostprocessing = 0;
		};
/* End PBXSourcesBuildPhase section */

/* Begin PBXTargetDependency section */
		6C4E6E4B200BFA94007352C1 /* PBXTargetDependency */ = {
			isa = PBXTargetDependency;
			target = 6C4E6E34200BFA94007352C1 /* ReBuilding */;
			targetProxy = 6C4E6E4A200BFA94007352C1 /* PBXContainerItemProxy */;
		};
		6C4E6E56200BFA94007352C1 /* PBXTargetDependency */ = {
			isa = PBXTargetDependency;
			target = 6C4E6E34200BFA94007352C1 /* ReBuilding */;
			targetProxy = 6C4E6E55200BFA94007352C1 /* PBXContainerItemProxy */;
		};
/* End PBXTargetDependency section */

/* Begin PBXVariantGroup section */
		6C4E6E3C200BFA94007352C1 /* Main.storyboard */ = {
			isa = PBXVariantGroup;
			children = (
				6C4E6E3D200BFA94007352C1 /* Base */,
			);
			name = Main.storyboard;
			sourceTree = "<group>";
		};
		6C4E6E41200BFA94007352C1 /* LaunchScreen.storyboard */ = {
			isa = PBXVariantGroup;
			children = (
				6C4E6E42200BFA94007352C1 /* Base */,
			);
			name = LaunchScreen.storyboard;
			sourceTree = "<group>";
		};
/* End PBXVariantGroup section */

/* Begin XCBuildConfiguration section */
		6C4E6E5B200BFA94007352C1 /* Debug */ = {
			isa = XCBuildConfiguration;
			buildSettings = {
				ALWAYS_SEARCH_USER_PATHS = NO;
				CLANG_ANALYZER_NONNULL = YES;
				CLANG_CXX_LANGUAGE_STANDARD = "gnu++0x";
				CLANG_CXX_LIBRARY = "libc++";
				CLANG_ENABLE_MODULES = YES;
				CLANG_ENABLE_OBJC_ARC = YES;
				CLANG_WARN_BOOL_CONVERSION = YES;
				CLANG_WARN_CONSTANT_CONVERSION = YES;
				CLANG_WARN_DIRECT_OBJC_ISA_USAGE = YES_ERROR;
				CLANG_WARN_DOCUMENTATION_COMMENTS = YES;
				CLANG_WARN_EMPTY_BODY = YES;
				CLANG_WARN_ENUM_CONVERSION = YES;
				CLANG_WARN_INFINITE_RECURSION = YES;
				CLANG_WARN_INT_CONVERSION = YES;
				CLANG_WARN_OBJC_ROOT_CLASS = YES_ERROR;
				CLANG_WARN_SUSPICIOUS_MOVE = YES;
				CLANG_WARN_UNREACHABLE_CODE = YES;
				CLANG_WARN__DUPLICATE_METHOD_MATCH = YES;
				"CODE_SIGN_IDENTITY[sdk=iphoneos*]" = "iPhone Developer";
				COPY_PHASE_STRIP = NO;
				DEBUG_INFORMATION_FORMAT = dwarf;
				ENABLE_STRICT_OBJC_MSGSEND = YES;
				ENABLE_TESTABILITY = YES;
				GCC_C_LANGUAGE_STANDARD = gnu99;
				GCC_DYNAMIC_NO_PIC = NO;
				GCC_NO_COMMON_BLOCKS = YES;
				GCC_OPTIMIZATION_LEVEL = 0;
				GCC_PREPROCESSOR_DEFINITIONS = (
					"DEBUG=1",
					"$(inherited)",
				);
				GCC_WARN_64_TO_32_BIT_CONVERSION = YES;
				GCC_WARN_ABOUT_RETURN_TYPE = YES_ERROR;
				GCC_WARN_UNDECLARED_SELECTOR = YES;
				GCC_WARN_UNINITIALIZED_AUTOS = YES_AGGRESSIVE;
				GCC_WARN_UNUSED_FUNCTION = YES;
				GCC_WARN_UNUSED_VARIABLE = YES;
				IPHONEOS_DEPLOYMENT_TARGET = 10.2;
				MTL_ENABLE_DEBUG_INFO = YES;
				ONLY_ACTIVE_ARCH = YES;
				SDKROOT = iphoneos;
				SWIFT_ACTIVE_COMPILATION_CONDITIONS = DEBUG;
				SWIFT_OPTIMIZATION_LEVEL = "-Onone";
			};
			name = Debug;
		};
		6C4E6E5C200BFA94007352C1 /* Release */ = {
			isa = XCBuildConfiguration;
			buildSettings = {
				ALWAYS_SEARCH_USER_PATHS = NO;
				CLANG_ANALYZER_NONNULL = YES;
				CLANG_CXX_LANGUAGE_STANDARD = "gnu++0x";
				CLANG_CXX_LIBRARY = "libc++";
				CLANG_ENABLE_MODULES = YES;
				CLANG_ENABLE_OBJC_ARC = YES;
				CLANG_WARN_BOOL_CONVERSION = YES;
				CLANG_WARN_CONSTANT_CONVERSION = YES;
				CLANG_WARN_DIRECT_OBJC_ISA_USAGE = YES_ERROR;
				CLANG_WARN_DOCUMENTATION_COMMENTS = YES;
				CLANG_WARN_EMPTY_BODY = YES;
				CLANG_WARN_ENUM_CONVERSION = YES;
				CLANG_WARN_INFINITE_RECURSION = YES;
				CLANG_WARN_INT_CONVERSION = YES;
				CLANG_WARN_OBJC_ROOT_CLASS = YES_ERROR;
				CLANG_WARN_SUSPICIOUS_MOVE = YES;
				CLANG_WARN_UNREACHABLE_CODE = YES;
				CLANG_WARN__DUPLICATE_METHOD_MATCH = YES;
				"CODE_SIGN_IDENTITY[sdk=iphoneos*]" = "iPhone Developer";
				COPY_PHASE_STRIP = NO;
				DEBUG_INFORMATION_FORMAT = "dwarf-with-dsym";
				ENABLE_NS_ASSERTIONS = NO;
				ENABLE_STRICT_OBJC_MSGSEND = YES;
				GCC_C_LANGUAGE_STANDARD = gnu99;
				GCC_NO_COMMON_BLOCKS = YES;
				GCC_WARN_64_TO_32_BIT_CONVERSION = YES;
				GCC_WARN_ABOUT_RETURN_TYPE = YES_ERROR;
				GCC_WARN_UNDECLARED_SELECTOR = YES;
				GCC_WARN_UNINITIALIZED_AUTOS = YES_AGGRESSIVE;
				GCC_WARN_UNUSED_FUNCTION = YES;
				GCC_WARN_UNUSED_VARIABLE = YES;
				IPHONEOS_DEPLOYMENT_TARGET = 10.2;
				MTL_ENABLE_DEBUG_INFO = NO;
				SDKROOT = iphoneos;
				SWIFT_OPTIMIZATION_LEVEL = "-Owholemodule";
				VALIDATE_PRODUCT = YES;
			};
			name = Release;
		};
		6C4E6E5E200BFA94007352C1 /* Debug */ = {
			isa = XCBuildConfiguration;
			buildSettings = {
				ASSETCATALOG_COMPILER_APPICON_NAME = AppIcon;
				INFOPLIST_FILE = ReBuilding/Info.plist;
				LD_RUNPATH_SEARCH_PATHS = "$(inherited) @executable_path/Frameworks";
				PRODUCT_BUNDLE_IDENTIFIER = drownish.ReBuilding;
				PRODUCT_NAME = "$(TARGET_NAME)";
				SWIFT_VERSION = 3.0;
			};
			name = Debug;
		};
		6C4E6E5F200BFA94007352C1 /* Release */ = {
			isa = XCBuildConfiguration;
			buildSettings = {
				ASSETCATALOG_COMPILER_APPICON_NAME = AppIcon;
				INFOPLIST_FILE = ReBuilding/Info.plist;
				LD_RUNPATH_SEARCH_PATHS = "$(inherited) @executable_path/Frameworks";
				PRODUCT_BUNDLE_IDENTIFIER = drownish.ReBuilding;
				PRODUCT_NAME = "$(TARGET_NAME)";
				SWIFT_VERSION = 3.0;
			};
			name = Release;
		};
		6C4E6E61200BFA94007352C1 /* Debug */ = {
			isa = XCBuildConfiguration;
			buildSettings = {
				ALWAYS_EMBED_SWIFT_STANDARD_LIBRARIES = YES;
				BUNDLE_LOADER = "$(TEST_HOST)";
				INFOPLIST_FILE = ReBuildingTests/Info.plist;
				LD_RUNPATH_SEARCH_PATHS = "$(inherited) @executable_path/Frameworks @loader_path/Frameworks";
				PRODUCT_BUNDLE_IDENTIFIER = drownish.ReBuildingTests;
				PRODUCT_NAME = "$(TARGET_NAME)";
				SWIFT_VERSION = 3.0;
				TEST_HOST = "$(BUILT_PRODUCTS_DIR)/ReBuilding.app/ReBuilding";
			};
			name = Debug;
		};
		6C4E6E62200BFA94007352C1 /* Release */ = {
			isa = XCBuildConfiguration;
			buildSettings = {
				ALWAYS_EMBED_SWIFT_STANDARD_LIBRARIES = YES;
				BUNDLE_LOADER = "$(TEST_HOST)";
				INFOPLIST_FILE = ReBuildingTests/Info.plist;
				LD_RUNPATH_SEARCH_PATHS = "$(inherited) @executable_path/Frameworks @loader_path/Frameworks";
				PRODUCT_BUNDLE_IDENTIFIER = drownish.ReBuildingTests;
				PRODUCT_NAME = "$(TARGET_NAME)";
				SWIFT_VERSION = 3.0;
				TEST_HOST = "$(BUILT_PRODUCTS_DIR)/ReBuilding.app/ReBuilding";
			};
			name = Release;
		};
		6C4E6E64200BFA94007352C1 /* Debug */ = {
			isa = XCBuildConfiguration;
			buildSettings = {
				ALWAYS_EMBED_SWIFT_STANDARD_LIBRARIES = YES;
				INFOPLIST_FILE = ReBuildingUITests/Info.plist;
				LD_RUNPATH_SEARCH_PATHS = "$(inherited) @executable_path/Frameworks @loader_path/Frameworks";
				PRODUCT_BUNDLE_IDENTIFIER = drownish.ReBuildingUITests;
				PRODUCT_NAME = "$(TARGET_NAME)";
				SWIFT_VERSION = 3.0;
				TEST_TARGET_NAME = ReBuilding;
			};
			name = Debug;
		};
		6C4E6E65200BFA94007352C1 /* Release */ = {
			isa = XCBuildConfiguration;
			buildSettings = {
				ALWAYS_EMBED_SWIFT_STANDARD_LIBRARIES = YES;
				INFOPLIST_FILE = ReBuildingUITests/Info.plist;
				LD_RUNPATH_SEARCH_PATHS = "$(inherited) @executable_path/Frameworks @loader_path/Frameworks";
				PRODUCT_BUNDLE_IDENTIFIER = drownish.ReBuildingUITests;
				PRODUCT_NAME = "$(TARGET_NAME)";
				SWIFT_VERSION = 3.0;
				TEST_TARGET_NAME = ReBuilding;
			};
			name = Release;
		};
/* End XCBuildConfiguration section */

/* Begin XCConfigurationList section */
		6C4E6E30200BFA94007352C1 /* Build configuration list for PBXProject "ReBuilding" */ = {
			isa = XCConfigurationList;
			buildConfigurations = (
				6C4E6E5B200BFA94007352C1 /* Debug */,
				6C4E6E5C200BFA94007352C1 /* Release */,
			);
			defaultConfigurationIsVisible = 0;
			defaultConfigurationName = Release;
		};
		6C4E6E5D200BFA94007352C1 /* Build configuration list for PBXNativeTarget "ReBuilding" */ = {
			isa = XCConfigurationList;
			buildConfigurations = (
				6C4E6E5E200BFA94007352C1 /* Debug */,
				6C4E6E5F200BFA94007352C1 /* Release */,
			);
			defaultConfigurationIsVisible = 0;
		};
		6C4E6E60200BFA94007352C1 /* Build configuration list for PBXNativeTarget "ReBuildingTests" */ = {
			isa = XCConfigurationList;
			buildConfigurations = (
				6C4E6E61200BFA94007352C1 /* Debug */,
				6C4E6E62200BFA94007352C1 /* Release */,
			);
			defaultConfigurationIsVisible = 0;
		};
		6C4E6E63200BFA94007352C1 /* Build configuration list for PBXNativeTarget "ReBuildingUITests" */ = {
			isa = XCConfigurationList;
			buildConfigurations = (
				6C4E6E64200BFA94007352C1 /* Debug */,
				6C4E6E65200BFA94007352C1 /* Release */,
			);
			defaultConfigurationIsVisible = 0;
		};
/* End XCConfigurationList section */
	};
	rootObject = 6C4E6E2D200BFA94007352C1 /* Project object */;
}
